// !$*UTF8*$!
{
	archiveVersion = 1;
	classes = {
	};
	objectVersion = 56;
	objects = {

/* Begin PBXBuildFile section */
		6A07BC572A59F4F1006BDC7C /* AfricaApp.swift in Sources */ = {isa = PBXBuildFile; fileRef = 6A07BC562A59F4F1006BDC7C /* AfricaApp.swift */; };
		6A07BC592A59F4F1006BDC7C /* ContentView.swift in Sources */ = {isa = PBXBuildFile; fileRef = 6A07BC582A59F4F1006BDC7C /* ContentView.swift */; };
		6A07BC5B2A59F4F3006BDC7C /* Assets.xcassets in Resources */ = {isa = PBXBuildFile; fileRef = 6A07BC5A2A59F4F3006BDC7C /* Assets.xcassets */; };
		6A07BC5E2A59F4F3006BDC7C /* Preview Assets.xcassets in Resources */ = {isa = PBXBuildFile; fileRef = 6A07BC5D2A59F4F3006BDC7C /* Preview Assets.xcassets */; };
		6A07BC6F2A59F64B006BDC7C /* gorilla.mp4 in Resources */ = {isa = PBXBuildFile; fileRef = 6A07BC652A59F647006BDC7C /* gorilla.mp4 */; };
		6A07BC702A59F64B006BDC7C /* hippo.mp4 in Resources */ = {isa = PBXBuildFile; fileRef = 6A07BC662A59F647006BDC7C /* hippo.mp4 */; };
		6A07BC712A59F64B006BDC7C /* lion.mp4 in Resources */ = {isa = PBXBuildFile; fileRef = 6A07BC672A59F648006BDC7C /* lion.mp4 */; };
		6A07BC722A59F64B006BDC7C /* cheetah.mp4 in Resources */ = {isa = PBXBuildFile; fileRef = 6A07BC682A59F648006BDC7C /* cheetah.mp4 */; };
		6A07BC732A59F64B006BDC7C /* elephant.mp4 in Resources */ = {isa = PBXBuildFile; fileRef = 6A07BC692A59F649006BDC7C /* elephant.mp4 */; };
		6A07BC742A59F64B006BDC7C /* giraffe.mp4 in Resources */ = {isa = PBXBuildFile; fileRef = 6A07BC6A2A59F649006BDC7C /* giraffe.mp4 */; };
		6A07BC752A59F64B006BDC7C /* lioness.mp4 in Resources */ = {isa = PBXBuildFile; fileRef = 6A07BC6B2A59F64A006BDC7C /* lioness.mp4 */; };
		6A07BC762A59F64B006BDC7C /* zebra.mp4 in Resources */ = {isa = PBXBuildFile; fileRef = 6A07BC6C2A59F64A006BDC7C /* zebra.mp4 */; };
		6A07BC772A59F64B006BDC7C /* ostrich.mp4 in Resources */ = {isa = PBXBuildFile; fileRef = 6A07BC6D2A59F64B006BDC7C /* ostrich.mp4 */; };
		6A07BC782A59F64B006BDC7C /* rhino.mp4 in Resources */ = {isa = PBXBuildFile; fileRef = 6A07BC6E2A59F64B006BDC7C /* rhino.mp4 */; };
		6A07BC7E2A59F68B006BDC7C /* animals.json in Resources */ = {isa = PBXBuildFile; fileRef = 6A07BC7A2A59F68A006BDC7C /* animals.json */; };
		6A07BC7F2A59F68B006BDC7C /* locations.json in Resources */ = {isa = PBXBuildFile; fileRef = 6A07BC7B2A59F68A006BDC7C /* locations.json */; };
		6A07BC802A59F68B006BDC7C /* covers.json in Resources */ = {isa = PBXBuildFile; fileRef = 6A07BC7C2A59F68A006BDC7C /* covers.json */; };
		6A07BC812A59F68B006BDC7C /* videos.json in Resources */ = {isa = PBXBuildFile; fileRef = 6A07BC7D2A59F68B006BDC7C /* videos.json */; };
		6A07BC852A59F834006BDC7C /* VideoListView.swift in Sources */ = {isa = PBXBuildFile; fileRef = 6A07BC842A59F834006BDC7C /* VideoListView.swift */; };
		6A07BC872A59F842006BDC7C /* MapView.swift in Sources */ = {isa = PBXBuildFile; fileRef = 6A07BC862A59F842006BDC7C /* MapView.swift */; };
		6A07BC892A59F84D006BDC7C /* GalleryView.swift in Sources */ = {isa = PBXBuildFile; fileRef = 6A07BC882A59F84D006BDC7C /* GalleryView.swift */; };
		6A07BC8B2A59F85F006BDC7C /* MainView.swift in Sources */ = {isa = PBXBuildFile; fileRef = 6A07BC8A2A59F85F006BDC7C /* MainView.swift */; };
		6A07BC8E2A59F9ED006BDC7C /* CoverImageView.swift in Sources */ = {isa = PBXBuildFile; fileRef = 6A07BC8D2A59F9ED006BDC7C /* CoverImageView.swift */; };
		6A07BC932A59FB9E006BDC7C /* CoverImageModel.swift in Sources */ = {isa = PBXBuildFile; fileRef = 6A07BC922A59FB9E006BDC7C /* CoverImageModel.swift */; };
		6A07BC982A5A0F90006BDC7C /* CodableBundleExtension.swift in Sources */ = {isa = PBXBuildFile; fileRef = 6A07BC972A5A0F90006BDC7C /* CodableBundleExtension.swift */; };
		6A07BC9A2A5A12D5006BDC7C /* AnimalListItemView.swift in Sources */ = {isa = PBXBuildFile; fileRef = 6A07BC992A5A12D5006BDC7C /* AnimalListItemView.swift */; };
		6A07BC9C2A5A1412006BDC7C /* AnimalModel.swift in Sources */ = {isa = PBXBuildFile; fileRef = 6A07BC9B2A5A1412006BDC7C /* AnimalModel.swift */; };
		6A07BC9E2A5A17BD006BDC7C /* AnimalDetailView.swift in Sources */ = {isa = PBXBuildFile; fileRef = 6A07BC9D2A5A17BD006BDC7C /* AnimalDetailView.swift */; };
		6AA0D1BC2A632C4B00929958 /* VidePlayerView.swift in Sources */ = {isa = PBXBuildFile; fileRef = 6AA0D1BB2A632C4B00929958 /* VidePlayerView.swift */; };
		6AF1BA522A630FF4005C0DC7 /* HeadingView.swift in Sources */ = {isa = PBXBuildFile; fileRef = 6AF1BA512A630FF4005C0DC7 /* HeadingView.swift */; };
		6AF1BA542A631125005C0DC7 /* InsertGalleryView.swift in Sources */ = {isa = PBXBuildFile; fileRef = 6AF1BA532A631125005C0DC7 /* InsertGalleryView.swift */; };
		6AF1BA562A63155E005C0DC7 /* InsetFactView.swift in Sources */ = {isa = PBXBuildFile; fileRef = 6AF1BA552A63155E005C0DC7 /* InsetFactView.swift */; };
		6AF1BA582A6317A0005C0DC7 /* InsetMapView.swift in Sources */ = {isa = PBXBuildFile; fileRef = 6AF1BA572A6317A0005C0DC7 /* InsetMapView.swift */; };
		6AF1BA5A2A631AC3005C0DC7 /* ExternalWeblinkView.swift in Sources */ = {isa = PBXBuildFile; fileRef = 6AF1BA592A631AC3005C0DC7 /* ExternalWeblinkView.swift */; };
		6AF1BA5C2A631D27005C0DC7 /* VideoModel.swift in Sources */ = {isa = PBXBuildFile; fileRef = 6AF1BA5B2A631D27005C0DC7 /* VideoModel.swift */; };
		6AF1BA5E2A631D70005C0DC7 /* VideoListItemView.swift in Sources */ = {isa = PBXBuildFile; fileRef = 6AF1BA5D2A631D70005C0DC7 /* VideoListItemView.swift */; };
/* End PBXBuildFile section */

/* Begin PBXFileReference section */
		6A07BC532A59F4F1006BDC7C /* Africa.app */ = {isa = PBXFileReference; explicitFileType = wrapper.application; includeInIndex = 0; path = Africa.app; sourceTree = BUILT_PRODUCTS_DIR; };
		6A07BC562A59F4F1006BDC7C /* AfricaApp.swift */ = {isa = PBXFileReference; lastKnownFileType = sourcecode.swift; path = AfricaApp.swift; sourceTree = "<group>"; };
		6A07BC582A59F4F1006BDC7C /* ContentView.swift */ = {isa = PBXFileReference; lastKnownFileType = sourcecode.swift; path = ContentView.swift; sourceTree = "<group>"; };
		6A07BC5A2A59F4F3006BDC7C /* Assets.xcassets */ = {isa = PBXFileReference; lastKnownFileType = folder.assetcatalog; path = Assets.xcassets; sourceTree = "<group>"; };
		6A07BC5D2A59F4F3006BDC7C /* Preview Assets.xcassets */ = {isa = PBXFileReference; lastKnownFileType = folder.assetcatalog; path = "Preview Assets.xcassets"; sourceTree = "<group>"; };
		6A07BC652A59F647006BDC7C /* gorilla.mp4 */ = {isa = PBXFileReference; lastKnownFileType = file; path = gorilla.mp4; sourceTree = "<group>"; };
		6A07BC662A59F647006BDC7C /* hippo.mp4 */ = {isa = PBXFileReference; lastKnownFileType = file; path = hippo.mp4; sourceTree = "<group>"; };
		6A07BC672A59F648006BDC7C /* lion.mp4 */ = {isa = PBXFileReference; lastKnownFileType = file; path = lion.mp4; sourceTree = "<group>"; };
		6A07BC682A59F648006BDC7C /* cheetah.mp4 */ = {isa = PBXFileReference; lastKnownFileType = file; path = cheetah.mp4; sourceTree = "<group>"; };
		6A07BC692A59F649006BDC7C /* elephant.mp4 */ = {isa = PBXFileReference; lastKnownFileType = file; path = elephant.mp4; sourceTree = "<group>"; };
		6A07BC6A2A59F649006BDC7C /* giraffe.mp4 */ = {isa = PBXFileReference; lastKnownFileType = file; path = giraffe.mp4; sourceTree = "<group>"; };
		6A07BC6B2A59F64A006BDC7C /* lioness.mp4 */ = {isa = PBXFileReference; lastKnownFileType = file; path = lioness.mp4; sourceTree = "<group>"; };
		6A07BC6C2A59F64A006BDC7C /* zebra.mp4 */ = {isa = PBXFileReference; lastKnownFileType = file; path = zebra.mp4; sourceTree = "<group>"; };
		6A07BC6D2A59F64B006BDC7C /* ostrich.mp4 */ = {isa = PBXFileReference; lastKnownFileType = file; path = ostrich.mp4; sourceTree = "<group>"; };
		6A07BC6E2A59F64B006BDC7C /* rhino.mp4 */ = {isa = PBXFileReference; lastKnownFileType = file; path = rhino.mp4; sourceTree = "<group>"; };
		6A07BC7A2A59F68A006BDC7C /* animals.json */ = {isa = PBXFileReference; fileEncoding = 4; lastKnownFileType = text.json; path = animals.json; sourceTree = "<group>"; };
		6A07BC7B2A59F68A006BDC7C /* locations.json */ = {isa = PBXFileReference; fileEncoding = 4; lastKnownFileType = text.json; path = locations.json; sourceTree = "<group>"; };
		6A07BC7C2A59F68A006BDC7C /* covers.json */ = {isa = PBXFileReference; fileEncoding = 4; lastKnownFileType = text.json; path = covers.json; sourceTree = "<group>"; };
		6A07BC7D2A59F68B006BDC7C /* videos.json */ = {isa = PBXFileReference; fileEncoding = 4; lastKnownFileType = text.json; path = videos.json; sourceTree = "<group>"; };
		6A07BC822A59F750006BDC7C /* Info.plist */ = {isa = PBXFileReference; lastKnownFileType = text.plist; path = Info.plist; sourceTree = "<group>"; };
		6A07BC842A59F834006BDC7C /* VideoListView.swift */ = {isa = PBXFileReference; lastKnownFileType = sourcecode.swift; path = VideoListView.swift; sourceTree = "<group>"; };
		6A07BC862A59F842006BDC7C /* MapView.swift */ = {isa = PBXFileReference; lastKnownFileType = sourcecode.swift; path = MapView.swift; sourceTree = "<group>"; };
		6A07BC882A59F84D006BDC7C /* GalleryView.swift */ = {isa = PBXFileReference; lastKnownFileType = sourcecode.swift; path = GalleryView.swift; sourceTree = "<group>"; };
		6A07BC8A2A59F85F006BDC7C /* MainView.swift */ = {isa = PBXFileReference; lastKnownFileType = sourcecode.swift; path = MainView.swift; sourceTree = "<group>"; };
		6A07BC8D2A59F9ED006BDC7C /* CoverImageView.swift */ = {isa = PBXFileReference; lastKnownFileType = sourcecode.swift; path = CoverImageView.swift; sourceTree = "<group>"; };
		6A07BC922A59FB9E006BDC7C /* CoverImageModel.swift */ = {isa = PBXFileReference; lastKnownFileType = sourcecode.swift; path = CoverImageModel.swift; sourceTree = "<group>"; };
		6A07BC972A5A0F90006BDC7C /* CodableBundleExtension.swift */ = {isa = PBXFileReference; lastKnownFileType = sourcecode.swift; path = CodableBundleExtension.swift; sourceTree = "<group>"; };
		6A07BC992A5A12D5006BDC7C /* AnimalListItemView.swift */ = {isa = PBXFileReference; lastKnownFileType = sourcecode.swift; path = AnimalListItemView.swift; sourceTree = "<group>"; };
		6A07BC9B2A5A1412006BDC7C /* AnimalModel.swift */ = {isa = PBXFileReference; lastKnownFileType = sourcecode.swift; path = AnimalModel.swift; sourceTree = "<group>"; };
		6A07BC9D2A5A17BD006BDC7C /* AnimalDetailView.swift */ = {isa = PBXFileReference; lastKnownFileType = sourcecode.swift; path = AnimalDetailView.swift; sourceTree = "<group>"; };
		6AA0D1BB2A632C4B00929958 /* VidePlayerView.swift */ = {isa = PBXFileReference; lastKnownFileType = sourcecode.swift; path = VidePlayerView.swift; sourceTree = "<group>"; };
		6AF1BA512A630FF4005C0DC7 /* HeadingView.swift */ = {isa = PBXFileReference; lastKnownFileType = sourcecode.swift; path = HeadingView.swift; sourceTree = "<group>"; };
		6AF1BA532A631125005C0DC7 /* InsertGalleryView.swift */ = {isa = PBXFileReference; lastKnownFileType = sourcecode.swift; path = InsertGalleryView.swift; sourceTree = "<group>"; };
		6AF1BA552A63155E005C0DC7 /* InsetFactView.swift */ = {isa = PBXFileReference; lastKnownFileType = sourcecode.swift; path = InsetFactView.swift; sourceTree = "<group>"; };
		6AF1BA572A6317A0005C0DC7 /* InsetMapView.swift */ = {isa = PBXFileReference; lastKnownFileType = sourcecode.swift; path = InsetMapView.swift; sourceTree = "<group>"; };
		6AF1BA592A631AC3005C0DC7 /* ExternalWeblinkView.swift */ = {isa = PBXFileReference; lastKnownFileType = sourcecode.swift; path = ExternalWeblinkView.swift; sourceTree = "<group>"; };
		6AF1BA5B2A631D27005C0DC7 /* VideoModel.swift */ = {isa = PBXFileReference; lastKnownFileType = sourcecode.swift; path = VideoModel.swift; sourceTree = "<group>"; };
		6AF1BA5D2A631D70005C0DC7 /* VideoListItemView.swift */ = {isa = PBXFileReference; lastKnownFileType = sourcecode.swift; path = VideoListItemView.swift; sourceTree = "<group>"; };
/* End PBXFileReference section */

/* Begin PBXFrameworksBuildPhase section */
		6A07BC502A59F4F1006BDC7C /* Frameworks */ = {
			isa = PBXFrameworksBuildPhase;
			buildActionMask = 2147483647;
			files = (
			);
			runOnlyForDeploymentPostprocessing = 0;
		};
/* End PBXFrameworksBuildPhase section */

/* Begin PBXGroup section */
		6A07BC4A2A59F4F1006BDC7C = {
			isa = PBXGroup;
			children = (
				6A07BC552A59F4F1006BDC7C /* Africa */,
				6A07BC542A59F4F1006BDC7C /* Products */,
			);
			sourceTree = "<group>";
		};
		6A07BC542A59F4F1006BDC7C /* Products */ = {
			isa = PBXGroup;
			children = (
				6A07BC532A59F4F1006BDC7C /* Africa.app */,
			);
			name = Products;
			sourceTree = "<group>";
		};
		6A07BC552A59F4F1006BDC7C /* Africa */ = {
			isa = PBXGroup;
			children = (
				6A07BC962A5A0F7E006BDC7C /* Extension */,
				6A07BC8F2A59FB7C006BDC7C /* Model */,
				6A07BC8C2A59F9DD006BDC7C /* View */,
				6A07BC822A59F750006BDC7C /* Info.plist */,
				6A07BC792A59F67C006BDC7C /* Data */,
				6A07BC642A59F636006BDC7C /* Video */,
				6A07BC832A59F7D5006BDC7C /* App */,
				6A07BC5A2A59F4F3006BDC7C /* Assets.xcassets */,
				6A07BC5C2A59F4F3006BDC7C /* Preview Content */,
			);
			path = Africa;
			sourceTree = "<group>";
		};
		6A07BC5C2A59F4F3006BDC7C /* Preview Content */ = {
			isa = PBXGroup;
			children = (
				6A07BC5D2A59F4F3006BDC7C /* Preview Assets.xcassets */,
			);
			path = "Preview Content";
			sourceTree = "<group>";
		};
		6A07BC642A59F636006BDC7C /* Video */ = {
			isa = PBXGroup;
			children = (
				6A07BC682A59F648006BDC7C /* cheetah.mp4 */,
				6A07BC692A59F649006BDC7C /* elephant.mp4 */,
				6A07BC6A2A59F649006BDC7C /* giraffe.mp4 */,
				6A07BC652A59F647006BDC7C /* gorilla.mp4 */,
				6A07BC662A59F647006BDC7C /* hippo.mp4 */,
				6A07BC672A59F648006BDC7C /* lion.mp4 */,
				6A07BC6B2A59F64A006BDC7C /* lioness.mp4 */,
				6A07BC6D2A59F64B006BDC7C /* ostrich.mp4 */,
				6A07BC6E2A59F64B006BDC7C /* rhino.mp4 */,
				6A07BC6C2A59F64A006BDC7C /* zebra.mp4 */,
			);
			path = Video;
			sourceTree = "<group>";
		};
		6A07BC792A59F67C006BDC7C /* Data */ = {
			isa = PBXGroup;
			children = (
				6A07BC7A2A59F68A006BDC7C /* animals.json */,
				6A07BC7C2A59F68A006BDC7C /* covers.json */,
				6A07BC7B2A59F68A006BDC7C /* locations.json */,
				6A07BC7D2A59F68B006BDC7C /* videos.json */,
			);
			path = Data;
			sourceTree = "<group>";
		};
		6A07BC832A59F7D5006BDC7C /* App */ = {
			isa = PBXGroup;
			children = (
				6A07BC562A59F4F1006BDC7C /* AfricaApp.swift */,
				6A07BC582A59F4F1006BDC7C /* ContentView.swift */,
				6A07BC842A59F834006BDC7C /* VideoListView.swift */,
				6A07BC862A59F842006BDC7C /* MapView.swift */,
				6A07BC882A59F84D006BDC7C /* GalleryView.swift */,
				6A07BC8A2A59F85F006BDC7C /* MainView.swift */,
			);
			path = App;
			sourceTree = "<group>";
		};
		6A07BC8C2A59F9DD006BDC7C /* View */ = {
			isa = PBXGroup;
			children = (
				6A07BC8D2A59F9ED006BDC7C /* CoverImageView.swift */,
				6A07BC992A5A12D5006BDC7C /* AnimalListItemView.swift */,
				6A07BC9D2A5A17BD006BDC7C /* AnimalDetailView.swift */,
				6AF1BA512A630FF4005C0DC7 /* HeadingView.swift */,
				6AF1BA532A631125005C0DC7 /* InsertGalleryView.swift */,
				6AF1BA552A63155E005C0DC7 /* InsetFactView.swift */,
				6AF1BA572A6317A0005C0DC7 /* InsetMapView.swift */,
				6AF1BA592A631AC3005C0DC7 /* ExternalWeblinkView.swift */,
				6AF1BA5D2A631D70005C0DC7 /* VideoListItemView.swift */,
				6AA0D1BB2A632C4B00929958 /* VidePlayerView.swift */,
			);
			path = View;
			sourceTree = "<group>";
		};
		6A07BC8F2A59FB7C006BDC7C /* Model */ = {
			isa = PBXGroup;
			children = (
				6AF1BA5B2A631D27005C0DC7 /* VideoModel.swift */,
				6A07BC922A59FB9E006BDC7C /* CoverImageModel.swift */,
				6A07BC9B2A5A1412006BDC7C /* AnimalModel.swift */,
			);
			path = Model;
			sourceTree = "<group>";
		};
		6A07BC962A5A0F7E006BDC7C /* Extension */ = {
			isa = PBXGroup;
			children = (
				6A07BC972A5A0F90006BDC7C /* CodableBundleExtension.swift */,
			);
			path = Extension;
			sourceTree = "<group>";
		};
/* End PBXGroup section */

/* Begin PBXNativeTarget section */
		6A07BC522A59F4F1006BDC7C /* Africa */ = {
			isa = PBXNativeTarget;
			buildConfigurationList = 6A07BC612A59F4F3006BDC7C /* Build configuration list for PBXNativeTarget "Africa" */;
			buildPhases = (
				6A07BC4F2A59F4F1006BDC7C /* Sources */,
				6A07BC502A59F4F1006BDC7C /* Frameworks */,
				6A07BC512A59F4F1006BDC7C /* Resources */,
			);
			buildRules = (
			);
			dependencies = (
			);
			name = Africa;
			productName = Africa;
			productReference = 6A07BC532A59F4F1006BDC7C /* Africa.app */;
			productType = "com.apple.product-type.application";
		};
/* End PBXNativeTarget section */

/* Begin PBXProject section */
		6A07BC4B2A59F4F1006BDC7C /* Project object */ = {
			isa = PBXProject;
			attributes = {
				BuildIndependentTargetsInParallel = 1;
				LastSwiftUpdateCheck = 1420;
				LastUpgradeCheck = 1420;
				TargetAttributes = {
					6A07BC522A59F4F1006BDC7C = {
						CreatedOnToolsVersion = 14.2;
					};
				};
			};
			buildConfigurationList = 6A07BC4E2A59F4F1006BDC7C /* Build configuration list for PBXProject "Africa" */;
			compatibilityVersion = "Xcode 14.0";
			developmentRegion = en;
			hasScannedForEncodings = 0;
			knownRegions = (
				en,
				Base,
			);
			mainGroup = 6A07BC4A2A59F4F1006BDC7C;
			productRefGroup = 6A07BC542A59F4F1006BDC7C /* Products */;
			projectDirPath = "";
			projectRoot = "";
			targets = (
				6A07BC522A59F4F1006BDC7C /* Africa */,
			);
		};
/* End PBXProject section */

/* Begin PBXResourcesBuildPhase section */
		6A07BC512A59F4F1006BDC7C /* Resources */ = {
			isa = PBXResourcesBuildPhase;
			buildActionMask = 2147483647;
			files = (
				6A07BC7F2A59F68B006BDC7C /* locations.json in Resources */,
				6A07BC782A59F64B006BDC7C /* rhino.mp4 in Resources */,
				6A07BC702A59F64B006BDC7C /* hippo.mp4 in Resources */,
				6A07BC5E2A59F4F3006BDC7C /* Preview Assets.xcassets in Resources */,
				6A07BC752A59F64B006BDC7C /* lioness.mp4 in Resources */,
				6A07BC722A59F64B006BDC7C /* cheetah.mp4 in Resources */,
				6A07BC6F2A59F64B006BDC7C /* gorilla.mp4 in Resources */,
				6A07BC732A59F64B006BDC7C /* elephant.mp4 in Resources */,
				6A07BC7E2A59F68B006BDC7C /* animals.json in Resources */,
				6A07BC762A59F64B006BDC7C /* zebra.mp4 in Resources */,
				6A07BC802A59F68B006BDC7C /* covers.json in Resources */,
				6A07BC712A59F64B006BDC7C /* lion.mp4 in Resources */,
				6A07BC742A59F64B006BDC7C /* giraffe.mp4 in Resources */,
				6A07BC812A59F68B006BDC7C /* videos.json in Resources */,
				6A07BC5B2A59F4F3006BDC7C /* Assets.xcassets in Resources */,
				6A07BC772A59F64B006BDC7C /* ostrich.mp4 in Resources */,
			);
			runOnlyForDeploymentPostprocessing = 0;
		};
/* End PBXResourcesBuildPhase section */

/* Begin PBXSourcesBuildPhase section */
		6A07BC4F2A59F4F1006BDC7C /* Sources */ = {
			isa = PBXSourcesBuildPhase;
			buildActionMask = 2147483647;
			files = (
				6AF1BA5E2A631D70005C0DC7 /* VideoListItemView.swift in Sources */,
				6AF1BA5A2A631AC3005C0DC7 /* ExternalWeblinkView.swift in Sources */,
				6A07BC9A2A5A12D5006BDC7C /* AnimalListItemView.swift in Sources */,
				6A07BC592A59F4F1006BDC7C /* ContentView.swift in Sources */,
				6A07BC8B2A59F85F006BDC7C /* MainView.swift in Sources */,
				6AF1BA562A63155E005C0DC7 /* InsetFactView.swift in Sources */,
				6A07BC8E2A59F9ED006BDC7C /* CoverImageView.swift in Sources */,
				6A07BC982A5A0F90006BDC7C /* CodableBundleExtension.swift in Sources */,
				6A07BC9E2A5A17BD006BDC7C /* AnimalDetailView.swift in Sources */,
				6A07BC9C2A5A1412006BDC7C /* AnimalModel.swift in Sources */,
				6A07BC932A59FB9E006BDC7C /* CoverImageModel.swift in Sources */,
				6AA0D1BC2A632C4B00929958 /* VidePlayerView.swift in Sources */,
				6AF1BA582A6317A0005C0DC7 /* InsetMapView.swift in Sources */,
				6A07BC872A59F842006BDC7C /* MapView.swift in Sources */,
				6A07BC572A59F4F1006BDC7C /* AfricaApp.swift in Sources */,
				6AF1BA5C2A631D27005C0DC7 /* VideoModel.swift in Sources */,
				6A07BC852A59F834006BDC7C /* VideoListView.swift in Sources */,
				6A07BC892A59F84D006BDC7C /* GalleryView.swift in Sources */,
				6AF1BA542A631125005C0DC7 /* InsertGalleryView.swift in Sources */,
				6AF1BA522A630FF4005C0DC7 /* HeadingView.swift in Sources */,
			);
			runOnlyForDeploymentPostprocessing = 0;
		};
/* End PBXSourcesBuildPhase section */

/* Begin XCBuildConfiguration section */
		6A07BC5F2A59F4F3006BDC7C /* Debug */ = {
			isa = XCBuildConfiguration;
			buildSettings = {
				ALWAYS_SEARCH_USER_PATHS = NO;
				CLANG_ANALYZER_NONNULL = YES;
				CLANG_ANALYZER_NUMBER_OBJECT_CONVERSION = YES_AGGRESSIVE;
				CLANG_CXX_LANGUAGE_STANDARD = "gnu++20";
				CLANG_ENABLE_MODULES = YES;
				CLANG_ENABLE_OBJC_ARC = YES;
				CLANG_ENABLE_OBJC_WEAK = YES;
				CLANG_WARN_BLOCK_CAPTURE_AUTORELEASING = YES;
				CLANG_WARN_BOOL_CONVERSION = YES;
				CLANG_WARN_COMMA = YES;
				CLANG_WARN_CONSTANT_CONVERSION = YES;
				CLANG_WARN_DEPRECATED_OBJC_IMPLEMENTATIONS = YES;
				CLANG_WARN_DIRECT_OBJC_ISA_USAGE = YES_ERROR;
				CLANG_WARN_DOCUMENTATION_COMMENTS = YES;
				CLANG_WARN_EMPTY_BODY = YES;
				CLANG_WARN_ENUM_CONVERSION = YES;
				CLANG_WARN_INFINITE_RECURSION = YES;
				CLANG_WARN_INT_CONVERSION = YES;
				CLANG_WARN_NON_LITERAL_NULL_CONVERSION = YES;
				CLANG_WARN_OBJC_IMPLICIT_RETAIN_SELF = YES;
				CLANG_WARN_OBJC_LITERAL_CONVERSION = YES;
				CLANG_WARN_OBJC_ROOT_CLASS = YES_ERROR;
				CLANG_WARN_QUOTED_INCLUDE_IN_FRAMEWORK_HEADER = YES;
				CLANG_WARN_RANGE_LOOP_ANALYSIS = YES;
				CLANG_WARN_STRICT_PROTOTYPES = YES;
				CLANG_WARN_SUSPICIOUS_MOVE = YES;
				CLANG_WARN_UNGUARDED_AVAILABILITY = YES_AGGRESSIVE;
				CLANG_WARN_UNREACHABLE_CODE = YES;
				CLANG_WARN__DUPLICATE_METHOD_MATCH = YES;
				COPY_PHASE_STRIP = NO;
				DEBUG_INFORMATION_FORMAT = dwarf;
				ENABLE_STRICT_OBJC_MSGSEND = YES;
				ENABLE_TESTABILITY = YES;
				GCC_C_LANGUAGE_STANDARD = gnu11;
				GCC_DYNAMIC_NO_PIC = NO;
				GCC_NO_COMMON_BLOCKS = YES;
				GCC_OPTIMIZATION_LEVEL = 0;
				GCC_PREPROCESSOR_DEFINITIONS = (
					"DEBUG=1",
					"$(inherited)",
				);
				GCC_WARN_64_TO_32_BIT_CONVERSION = YES;
				GCC_WARN_ABOUT_RETURN_TYPE = YES_ERROR;
				GCC_WARN_UNDECLARED_SELECTOR = YES;
				GCC_WARN_UNINITIALIZED_AUTOS = YES_AGGRESSIVE;
				GCC_WARN_UNUSED_FUNCTION = YES;
				GCC_WARN_UNUSED_VARIABLE = YES;
				IPHONEOS_DEPLOYMENT_TARGET = 16.2;
				MTL_ENABLE_DEBUG_INFO = INCLUDE_SOURCE;
				MTL_FAST_MATH = YES;
				ONLY_ACTIVE_ARCH = YES;
				SDKROOT = iphoneos;
				SWIFT_ACTIVE_COMPILATION_CONDITIONS = DEBUG;
				SWIFT_OPTIMIZATION_LEVEL = "-Onone";
			};
			name = Debug;
		};
		6A07BC602A59F4F3006BDC7C /* Release */ = {
			isa = XCBuildConfiguration;
			buildSettings = {
				ALWAYS_SEARCH_USER_PATHS = NO;
				CLANG_ANALYZER_NONNULL = YES;
				CLANG_ANALYZER_NUMBER_OBJECT_CONVERSION = YES_AGGRESSIVE;
				CLANG_CXX_LANGUAGE_STANDARD = "gnu++20";
				CLANG_ENABLE_MODULES = YES;
				CLANG_ENABLE_OBJC_ARC = YES;
				CLANG_ENABLE_OBJC_WEAK = YES;
				CLANG_WARN_BLOCK_CAPTURE_AUTORELEASING = YES;
				CLANG_WARN_BOOL_CONVERSION = YES;
				CLANG_WARN_COMMA = YES;
				CLANG_WARN_CONSTANT_CONVERSION = YES;
				CLANG_WARN_DEPRECATED_OBJC_IMPLEMENTATIONS = YES;
				CLANG_WARN_DIRECT_OBJC_ISA_USAGE = YES_ERROR;
				CLANG_WARN_DOCUMENTATION_COMMENTS = YES;
				CLANG_WARN_EMPTY_BODY = YES;
				CLANG_WARN_ENUM_CONVERSION = YES;
				CLANG_WARN_INFINITE_RECURSION = YES;
				CLANG_WARN_INT_CONVERSION = YES;
				CLANG_WARN_NON_LITERAL_NULL_CONVERSION = YES;
				CLANG_WARN_OBJC_IMPLICIT_RETAIN_SELF = YES;
				CLANG_WARN_OBJC_LITERAL_CONVERSION = YES;
				CLANG_WARN_OBJC_ROOT_CLASS = YES_ERROR;
				CLANG_WARN_QUOTED_INCLUDE_IN_FRAMEWORK_HEADER = YES;
				CLANG_WARN_RANGE_LOOP_ANALYSIS = YES;
				CLANG_WARN_STRICT_PROTOTYPES = YES;
				CLANG_WARN_SUSPICIOUS_MOVE = YES;
				CLANG_WARN_UNGUARDED_AVAILABILITY = YES_AGGRESSIVE;
				CLANG_WARN_UNREACHABLE_CODE = YES;
				CLANG_WARN__DUPLICATE_METHOD_MATCH = YES;
				COPY_PHASE_STRIP = NO;
				DEBUG_INFORMATION_FORMAT = "dwarf-with-dsym";
				ENABLE_NS_ASSERTIONS = NO;
				ENABLE_STRICT_OBJC_MSGSEND = YES;
				GCC_C_LANGUAGE_STANDARD = gnu11;
				GCC_NO_COMMON_BLOCKS = YES;
				GCC_WARN_64_TO_32_BIT_CONVERSION = YES;
				GCC_WARN_ABOUT_RETURN_TYPE = YES_ERROR;
				GCC_WARN_UNDECLARED_SELECTOR = YES;
				GCC_WARN_UNINITIALIZED_AUTOS = YES_AGGRESSIVE;
				GCC_WARN_UNUSED_FUNCTION = YES;
				GCC_WARN_UNUSED_VARIABLE = YES;
				IPHONEOS_DEPLOYMENT_TARGET = 16.2;
				MTL_ENABLE_DEBUG_INFO = NO;
				MTL_FAST_MATH = YES;
				SDKROOT = iphoneos;
				SWIFT_COMPILATION_MODE = wholemodule;
				SWIFT_OPTIMIZATION_LEVEL = "-O";
				VALIDATE_PRODUCT = YES;
			};
			name = Release;
		};
		6A07BC622A59F4F3006BDC7C /* Debug */ = {
			isa = XCBuildConfiguration;
			buildSettings = {
				ASSETCATALOG_COMPILER_APPICON_NAME = AppIcon;
				ASSETCATALOG_COMPILER_GLOBAL_ACCENT_COLOR_NAME = AccentColor;
				CODE_SIGN_STYLE = Automatic;
				CURRENT_PROJECT_VERSION = 1;
				DEVELOPMENT_ASSET_PATHS = "\"Africa/Preview Content\"";
				DEVELOPMENT_TEAM = ZU9JV8BYC8;
				ENABLE_PREVIEWS = YES;
				GENERATE_INFOPLIST_FILE = YES;
				INFOPLIST_FILE = Africa/Info.plist;
				INFOPLIST_KEY_UIApplicationSceneManifest_Generation = YES;
				INFOPLIST_KEY_UIApplicationSupportsIndirectInputEvents = YES;
				INFOPLIST_KEY_UISupportedInterfaceOrientations_iPad = "UIInterfaceOrientationPortrait UIInterfaceOrientationPortraitUpsideDown UIInterfaceOrientationLandscapeLeft UIInterfaceOrientationLandscapeRight";
				INFOPLIST_KEY_UISupportedInterfaceOrientations_iPhone = "UIInterfaceOrientationPortrait UIInterfaceOrientationLandscapeLeft UIInterfaceOrientationLandscapeRight";
				INFOPLIST_KEY_UIUserInterfaceStyle = Dark;
				LD_RUNPATH_SEARCH_PATHS = (
					"$(inherited)",
					"@executable_path/Frameworks",
				);
				MARKETING_VERSION = 1.0;
				PRODUCT_BUNDLE_IDENTIFIER = io.petariliev.Africa;
				PRODUCT_NAME = "$(TARGET_NAME)";
				SWIFT_EMIT_LOC_STRINGS = YES;
				SWIFT_VERSION = 5.0;
				TARGETED_DEVICE_FAMILY = "1,2";
			};
			name = Debug;
		};
		6A07BC632A59F4F3006BDC7C /* Release */ = {
			isa = XCBuildConfiguration;
			buildSettings = {
				ASSETCATALOG_COMPILER_APPICON_NAME = AppIcon;
				ASSETCATALOG_COMPILER_GLOBAL_ACCENT_COLOR_NAME = AccentColor;
				CODE_SIGN_STYLE = Automatic;
				CURRENT_PROJECT_VERSION = 1;
				DEVELOPMENT_ASSET_PATHS = "\"Africa/Preview Content\"";
				DEVELOPMENT_TEAM = ZU9JV8BYC8;
				ENABLE_PREVIEWS = YES;
				GENERATE_INFOPLIST_FILE = YES;
				INFOPLIST_FILE = Africa/Info.plist;
				INFOPLIST_KEY_UIApplicationSceneManifest_Generation = YES;
				INFOPLIST_KEY_UIApplicationSupportsIndirectInputEvents = YES;
				INFOPLIST_KEY_UISupportedInterfaceOrientations_iPad = "UIInterfaceOrientationPortrait UIInterfaceOrientationPortraitUpsideDown UIInterfaceOrientationLandscapeLeft UIInterfaceOrientationLandscapeRight";
				INFOPLIST_KEY_UISupportedInterfaceOrientations_iPhone = "UIInterfaceOrientationPortrait UIInterfaceOrientationLandscapeLeft UIInterfaceOrientationLandscapeRight";
				INFOPLIST_KEY_UIUserInterfaceStyle = Dark;
				LD_RUNPATH_SEARCH_PATHS = (
					"$(inherited)",
					"@executable_path/Frameworks",
				);
				MARKETING_VERSION = 1.0;
				PRODUCT_BUNDLE_IDENTIFIER = io.petariliev.Africa;
				PRODUCT_NAME = "$(TARGET_NAME)";
				SWIFT_EMIT_LOC_STRINGS = YES;
				SWIFT_VERSION = 5.0;
				TARGETED_DEVICE_FAMILY = "1,2";
			};
			name = Release;
		};
/* End XCBuildConfiguration section */

/* Begin XCConfigurationList section */
		6A07BC4E2A59F4F1006BDC7C /* Build configuration list for PBXProject "Africa" */ = {
			isa = XCConfigurationList;
			buildConfigurations = (
				6A07BC5F2A59F4F3006BDC7C /* Debug */,
				6A07BC602A59F4F3006BDC7C /* Release */,
			);
			defaultConfigurationIsVisible = 0;
			defaultConfigurationName = Release;
		};
		6A07BC612A59F4F3006BDC7C /* Build configuration list for PBXNativeTarget "Africa" */ = {
			isa = XCConfigurationList;
			buildConfigurations = (
				6A07BC622A59F4F3006BDC7C /* Debug */,
				6A07BC632A59F4F3006BDC7C /* Release */,
			);
			defaultConfigurationIsVisible = 0;
			defaultConfigurationName = Release;
		};
/* End XCConfigurationList section */
	};
	rootObject = 6A07BC4B2A59F4F1006BDC7C /* Project object */;
}
